{
  "name": "test-license-check",
  "version": "1.0.0",
  "lockfileVersion": 3,
  "packages": {
    "node_modules/readline-sync": {
      "version": "1.4.10",
      "resolved": "https://registry.npmjs.org/readline-sync/-/readline-sync-1.4.10.tgz"
    },
    "node_modules/mysql": {
      "version": "2.18.1",
      "resolved": "https://registry.npmjs.org/mysql/-/mysql-2.18.1.tgz"
    },
    "node_modules/ghostscript4js": {
      "version": "3.3.0",
      "resolved": "https://registry.npmjs.org/ghostscript4js/-/ghostscript4js-3.3.0.tgz"
    }
  }
}
