{
  "name": "test-vulnerable-deps",
  "version": "1.0.0",
  "lockfileVersion": 3,
  "packages": {
    "node_modules/lodash": {
      "version": "4.17.11",
      "resolved": "https://registry.npmjs.org/lodash/-/lodash-4.17.11.tgz"
    },
    "node_modules/minimist": {
      "version": "1.2.5",
      "resolved": "https://registry.npmjs.org/minimist/-/minimist-1.2.5.tgz"
    },
    "node_modules/axios": {
      "version": "0.21.1",
      "resolved": "https://registry.npmjs.org/axios/-/axios-0.21.1.tgz"
    },
    "node_modules/node-fetch": {
      "version": "2.6.0",
      "resolved": "https://registry.npmjs.org/node-fetch/-/node-fetch-2.6.0.tgz"
    },
    "node_modules/json5": {
      "version": "2.2.1",
      "resolved": "https://registry.npmjs.org/json5/-/json5-2.2.1.tgz"
    }
  }
}
